
Microsoft Visual Studio Solution File, Format Version 12.00
# Visual Studio 14
VisualStudioVersion = 14.0.24720.0
MinimumVisualStudioVersion = 10.0.40219.1
Project("{2150E333-8FDC-42A3-9474-1A3956D46DE8}") = "src", "src", "{38C1125A-3CCE-4C99-B954-0A2512F1FF9C}"
EndProject
Project("{2150E333-8FDC-42A3-9474-1A3956D46DE8}") = "Solution Items", "Solution Items", "{7F6C6829-5E6C-4499-B10D-C912E03C4DEA}"
	ProjectSection(SolutionItems) = preProject
		global.json = global.json
	EndProjectSection
EndProject
Project("{8BB2217D-0F2D-49D1-97BC-3654ED321F3B}") = "WebApp1", "src\WebApp1\WebApp1.xproj", "{5145DD9A-BD3F-4196-9329-101BE346ACEA}"
EndProject
Global
	GlobalSection(SolutionConfigurationPlatforms) = preSolution
		Debug|Any CPU = Debug|Any CPU
		Release|Any CPU = Release|Any CPU
	EndGlobalSection
	GlobalSection(ProjectConfigurationPlatforms) = postSolution
		{5145DD9A-BD3F-4196-9329-101BE346ACEA}.Debug|Any CPU.ActiveCfg = Debug|Any CPU
		{5145DD9A-BD3F-4196-9329-101BE346ACEA}.Debug|Any CPU.Build.0 = Debug|Any CPU
		{5145DD9A-BD3F-4196-9329-101BE346ACEA}.Release|Any CPU.ActiveCfg = Release|Any CPU
		{5145DD9A-BD3F-4196-9329-101BE346ACEA}.Release|Any CPU.Build.0 = Release|Any CPU
	EndGlobalSection
	GlobalSection(SolutionProperties) = preSolution
		HideSolutionNode = FALSE
	EndGlobalSection
	GlobalSection(NestedProjects) = preSolution
		{5145DD9A-BD3F-4196-9329-101BE346ACEA} = {38C1125A-3CCE-4C99-B954-0A2512F1FF9C}
	EndGlobalSection
EndGlobal
